
Microsoft Visual Studio Solution File, Format Version 12.00
# Visual Studio Version 17
VisualStudioVersion = 17.10.35027.167
MinimumVisualStudioVersion = 10.0.40219.1
Project("{FAE04EC0-301F-11D3-BF4B-00C04F79EFBC}") = "OrderAppAPI", "OrderAppAPI\OrderAppAPI.csproj", "{5E9C54CA-C31A-483A-99F3-9423F4B17F0A}"
EndProject
Global
	GlobalSection(SolutionConfigurationPlatforms) = preSolution
		Debug|Any CPU = Debug|Any CPU
		Release|Any CPU = Release|Any CPU
	EndGlobalSection
	GlobalSection(ProjectConfigurationPlatforms) = postSolution
		{5E9C54CA-C31A-483A-99F3-9423F4B17F0A}.Debug|Any CPU.ActiveCfg = Debug|Any CPU
		{5E9C54CA-C31A-483A-99F3-9423F4B17F0A}.Debug|Any CPU.Build.0 = Debug|Any CPU
		{5E9C54CA-C31A-483A-99F3-9423F4B17F0A}.Release|Any CPU.ActiveCfg = Release|Any CPU
		{5E9C54CA-C31A-483A-99F3-9423F4B17F0A}.Release|Any CPU.Build.0 = Release|Any CPU
	EndGlobalSection
	GlobalSection(SolutionProperties) = preSolution
		HideSolutionNode = FALSE
	EndGlobalSection
	GlobalSection(ExtensibilityGlobals) = postSolution
		SolutionGuid = {ACCA382E-B6D9-4839-85E2-97AC03E4780D}
	EndGlobalSection
EndGlobal
